
Microsoft Visual Studio Solution File, Format Version 12.00
# Visual Studio 14
VisualStudioVersion = 14.0.25420.1
MinimumVisualStudioVersion = 10.0.40219.1
Project("{FAE04EC0-301F-11D3-BF4B-00C04F79EFBC}") = "MarDom.Web", "MarDom.Web\MarDom.Web.csproj", "{71756394-3341-48C0-8DA2-592B37434526}"
EndProject
Project("{FAE04EC0-301F-11D3-BF4B-00C04F79EFBC}") = "MarDom.Data", "MarDom.Data\MarDom.Data.csproj", "{6CB8815F-A28A-4C21-A2B9-481AB4153244}"
EndProject
Project("{FAE04EC0-301F-11D3-BF4B-00C04F79EFBC}") = "MarDom.Services", "MarDom.Services\MarDom.Services.csproj", "{F9F25F72-49C0-4201-B844-CD9ED343D24F}"
EndProject
Project("{FAE04EC0-301F-11D3-BF4B-00C04F79EFBC}") = "MarDom.Test", "MarDom.Test\MarDom.Test.csproj", "{FAA62E2A-93C8-4D6B-83ED-A3BA9FAEAE73}"
EndProject
Global
	GlobalSection(SolutionConfigurationPlatforms) = preSolution
		Debug|Any CPU = Debug|Any CPU
		Release|Any CPU = Release|Any CPU
	EndGlobalSection
	GlobalSection(ProjectConfigurationPlatforms) = postSolution
		{71756394-3341-48C0-8DA2-592B37434526}.Debug|Any CPU.ActiveCfg = Debug|Any CPU
		{71756394-3341-48C0-8DA2-592B37434526}.Debug|Any CPU.Build.0 = Debug|Any CPU
		{71756394-3341-48C0-8DA2-592B37434526}.Release|Any CPU.ActiveCfg = Release|Any CPU
		{71756394-3341-48C0-8DA2-592B37434526}.Release|Any CPU.Build.0 = Release|Any CPU
		{6CB8815F-A28A-4C21-A2B9-481AB4153244}.Debug|Any CPU.ActiveCfg = Debug|Any CPU
		{6CB8815F-A28A-4C21-A2B9-481AB4153244}.Debug|Any CPU.Build.0 = Debug|Any CPU
		{6CB8815F-A28A-4C21-A2B9-481AB4153244}.Release|Any CPU.ActiveCfg = Release|Any CPU
		{6CB8815F-A28A-4C21-A2B9-481AB4153244}.Release|Any CPU.Build.0 = Release|Any CPU
		{F9F25F72-49C0-4201-B844-CD9ED343D24F}.Debug|Any CPU.ActiveCfg = Debug|Any CPU
		{F9F25F72-49C0-4201-B844-CD9ED343D24F}.Debug|Any CPU.Build.0 = Debug|Any CPU
		{F9F25F72-49C0-4201-B844-CD9ED343D24F}.Release|Any CPU.ActiveCfg = Release|Any CPU
		{F9F25F72-49C0-4201-B844-CD9ED343D24F}.Release|Any CPU.Build.0 = Release|Any CPU
		{FAA62E2A-93C8-4D6B-83ED-A3BA9FAEAE73}.Debug|Any CPU.ActiveCfg = Debug|Any CPU
		{FAA62E2A-93C8-4D6B-83ED-A3BA9FAEAE73}.Debug|Any CPU.Build.0 = Debug|Any CPU
		{FAA62E2A-93C8-4D6B-83ED-A3BA9FAEAE73}.Release|Any CPU.ActiveCfg = Release|Any CPU
		{FAA62E2A-93C8-4D6B-83ED-A3BA9FAEAE73}.Release|Any CPU.Build.0 = Release|Any CPU
	EndGlobalSection
	GlobalSection(SolutionProperties) = preSolution
		HideSolutionNode = FALSE
	EndGlobalSection
EndGlobal
